{
  "version": 4,
  "terraform_version": "1.12.2",
  "serial": 13,
  "lineage": "8f5465e3-074e-c821-ed56-22486faff29d",
  "outputs": {
    "server_id": {
      "value": "/subscriptions/6e659b1d-6646-44fc-91ad-d697826558a0/resourceGroups/migrationgroup/providers/Microsoft.Compute/virtualMachines/azure-testvm",
      "type": "string"
    },
    "server_private_ip": {
      "value": "10.0.1.4",
      "type": "string"
    },
    "server_public_ip": {
      "value": "20.197.2.95",
      "type": "string"
    },
    "server_subnet_id": {
      "value": "/subscriptions/6e659b1d-6646-44fc-91ad-d697826558a0/resourceGroups/migrationgroup/providers/Microsoft.Network/virtualNetworks/example-vnet/subnets/example-subnet",
      "type": "string"
    },
    "server_zone": {
      "value": "3",
      "type": "string"
    }
  },
  "resources": [
    {
      "mode": "data",
      "type": "azurerm_subscription",
      "name": "primary",
      "provider": "provider[\"registry.terraform.io/hashicorp/azurerm\"]",
      "instances": [
        {
          "schema_version": 0,
          "attributes": {
            "display_name": "Visual Studio Enterprise Subscription – MPN",
            "id": "/subscriptions/6e659b1d-6646-44fc-91ad-d697826558a0",
            "location_placement_id": "PublicAndIndia_2015-09-01",
            "quota_id": "MSDN_2014-09-01",
            "spending_limit": "On",
            "state": "Enabled",
            "subscription_id": "6e659b1d-6646-44fc-91ad-d697826558a0",
            "tags": {},
            "tenant_id": "cbc5489b-10d2-4bf9-beae-6e9913e76a61",
            "timeouts": null
          },
          "sensitive_attributes": [],
          "identity_schema_version": 0
        }
      ]
    },
    {
      "mode": "managed",
      "type": "azurerm_linux_virtual_machine",
      "name": "vm",
      "provider": "provider[\"registry.terraform.io/hashicorp/azurerm\"]",
      "instances": [
        {
          "schema_version": 0,
          "attributes": {
            "additional_capabilities": [],
            "admin_password": null,
            "admin_ssh_key": [
              {
                "public_key": "ssh-rsa AAAAB3NzaC1yc2EAAAADAQABAAABgQD0XknB2FkeAtF2IeyMtiGl5EsgruJmoqgtzuV0a0r2b5GXvksvk5AaEFt0TZNDxlKk5raarIE+TKyuXvBAolxiDRdKxVX/DaMzVUnge6rZhwGWRSZd3f2tRnaxtyooYBFbN6EcLlaIzK2eMdm4SBcQa6RVJV5aquybUhoJjc9gwidVVr+Jv8TTpnv1dH2/4m6j1kWjPBE1zO5AfTiskRfZnwkQ0+LlMfTPfy6RkZMP6WjP/fICWwwLMjngNf9K8LO6qsFhIMj4UQg3FxL0mVCiQy20UWCAN0ZNHGAR/sYEvoI4PmTsoFOgobRIqy4VFg5ss51kpddAybNlp2Wqx+DcqQYJSutfWT7N5x8yagR6uKohCyfnn80JBdoMmlnyNddBMsRK2v/tc1WZf+YsKL81/lHyGUfBzTcOjoZreop7CqhD8obDJz+k0XAqttOSx+CaNFuLXf1aiGjmouiZLz8xgwdQa07YNhwWLuob/7ZFOZQN5A7AUzOoyR3vIJbdKuE= generated-by-azure",
                "username": "azureuser"
              }
            ],
            "admin_username": "azureuser",
            "allow_extension_operations": true,
            "availability_set_id": "",
            "boot_diagnostics": [],
            "bypass_platform_safety_checks_on_user_schedule_enabled": false,
            "capacity_reservation_group_id": "",
            "computer_name": "azure-testvm",
            "custom_data": "IyAhIC9iaW4vYmFzaAojIENoYW5nZSBTU0ggUG9ydAoKZWNobyAiUG9ydCAyMiIgPj4gL2V0Yy9zc2gvc3NoZF9jb25maWcKc2VydmljZSBzc2hkIHJlc3RhcnQKCiMjIyBISVNUIEZJTEUgRk9STUFULCBVTkxJTVRFRCBSRU5USU9OCgo=",
            "dedicated_host_group_id": "",
            "dedicated_host_id": "",
            "disable_password_authentication": true,
            "disk_controller_type": "",
            "edge_zone": "",
            "encryption_at_host_enabled": false,
            "eviction_policy": "",
            "extensions_time_budget": "PT1H30M",
            "gallery_application": [],
            "id": "/subscriptions/6e659b1d-6646-44fc-91ad-d697826558a0/resourceGroups/migrationgroup/providers/Microsoft.Compute/virtualMachines/azure-testvm",
            "identity": [
              {
                "identity_ids": [
                  "/subscriptions/6e659b1d-6646-44fc-91ad-d697826558a0/resourceGroups/migrationgroup/providers/Microsoft.ManagedIdentity/userAssignedIdentities/azure-testvm-id"
                ],
                "principal_id": "",
                "tenant_id": "",
                "type": "UserAssigned"
              }
            ],
            "license_type": "",
            "location": "centralindia",
            "max_bid_price": -1,
            "name": "azure-testvm",
            "network_interface_ids": [
              "/subscriptions/6e659b1d-6646-44fc-91ad-d697826558a0/resourceGroups/migrationgroup/providers/Microsoft.Network/networkInterfaces/example-nic"
            ],
            "os_disk": [
              {
                "caching": "ReadWrite",
                "diff_disk_settings": [],
                "disk_encryption_set_id": "",
                "disk_size_gb": 30,
                "id": "/subscriptions/6e659b1d-6646-44fc-91ad-d697826558a0/resourceGroups/migrationgroup/providers/Microsoft.Compute/disks/azure-testvm-osdisk",
                "name": "azure-testvm-osdisk",
                "secure_vm_disk_encryption_set_id": "",
                "security_encryption_type": "",
                "storage_account_type": "Standard_LRS",
                "write_accelerator_enabled": false
              }
            ],
            "os_image_notification": [],
            "patch_assessment_mode": "ImageDefault",
            "patch_mode": "ImageDefault",
            "plan": [],
            "platform_fault_domain": -1,
            "priority": "Regular",
            "private_ip_address": "10.0.1.4",
            "private_ip_addresses": [
              "10.0.1.4"
            ],
            "provision_vm_agent": true,
            "proximity_placement_group_id": "",
            "public_ip_address": "20.197.2.95",
            "public_ip_addresses": [
              "20.197.2.95"
            ],
            "reboot_setting": "",
            "resource_group_name": "migrationgroup",
            "secret": [],
            "secure_boot_enabled": false,
            "size": "Standard_B1ms",
            "source_image_id": "",
            "source_image_reference": [
              {
                "offer": "0001-com-ubuntu-server-focal",
                "publisher": "Canonical",
                "sku": "20_04-lts",
                "version": "latest"
              }
            ],
            "tags": {
              "Environment": "Dev",
              "Project": "Terraform-VM-Deployment"
            },
            "termination_notification": null,
            "timeouts": null,
            "user_data": "",
            "virtual_machine_id": "c1ff7319-0c48-49f9-8a05-b90fbbb70188",
            "virtual_machine_scale_set_id": "",
            "vm_agent_platform_updates_enabled": false,
            "vtpm_enabled": false,
            "zone": "3"
          },
          "sensitive_attributes": [
            [
              {
                "type": "get_attr",
                "value": "admin_password"
              }
            ],
            [
              {
                "type": "get_attr",
                "value": "custom_data"
              }
            ]
          ],
          "identity_schema_version": 0,
          "private": "eyJlMmJmYjczMC1lY2FhLTExZTYtOGY4OC0zNDM2M2JjN2M0YzAiOnsiY3JlYXRlIjoyNzAwMDAwMDAwMDAwLCJkZWxldGUiOjI3MDAwMDAwMDAwMDAsInJlYWQiOjMwMDAwMDAwMDAwMCwidXBkYXRlIjoyNzAwMDAwMDAwMDAwfX0=",
          "dependencies": [
            "azurerm_network_interface.nic",
            "azurerm_public_ip.public_ip",
            "azurerm_resource_group.rg",
            "azurerm_subnet.subnet",
            "azurerm_user_assigned_identity.identity",
            "azurerm_virtual_network.vnet",
            "random_integer.zone"
          ]
        }
      ]
    },
    {
      "mode": "managed",
      "type": "azurerm_network_interface",
      "name": "nic",
      "provider": "provider[\"registry.terraform.io/hashicorp/azurerm\"]",
      "instances": [
        {
          "schema_version": 0,
          "attributes": {
            "accelerated_networking_enabled": false,
            "applied_dns_servers": [],
            "auxiliary_mode": "",
            "auxiliary_sku": "",
            "dns_servers": null,
            "edge_zone": "",
            "id": "/subscriptions/6e659b1d-6646-44fc-91ad-d697826558a0/resourceGroups/migrationgroup/providers/Microsoft.Network/networkInterfaces/example-nic",
            "internal_dns_name_label": "",
            "internal_domain_name_suffix": "0xcj1lhfrzwulii5llo3ruscob.rx.internal.cloudapp.net",
            "ip_configuration": [
              {
                "gateway_load_balancer_frontend_ip_configuration_id": "",
                "name": "internal",
                "primary": true,
                "private_ip_address": "10.0.1.4",
                "private_ip_address_allocation": "Dynamic",
                "private_ip_address_version": "IPv4",
                "public_ip_address_id": "/subscriptions/6e659b1d-6646-44fc-91ad-d697826558a0/resourceGroups/migrationgroup/providers/Microsoft.Network/publicIPAddresses/example-public-ip",
                "subnet_id": "/subscriptions/6e659b1d-6646-44fc-91ad-d697826558a0/resourceGroups/migrationgroup/providers/Microsoft.Network/virtualNetworks/example-vnet/subnets/example-subnet"
              }
            ],
            "ip_forwarding_enabled": false,
            "location": "centralindia",
            "mac_address": "",
            "name": "example-nic",
            "private_ip_address": "10.0.1.4",
            "private_ip_addresses": [
              "10.0.1.4"
            ],
            "resource_group_name": "migrationgroup",
            "tags": null,
            "timeouts": null,
            "virtual_machine_id": ""
          },
          "sensitive_attributes": [],
          "identity_schema_version": 0,
          "identity": {
            "name": "example-nic",
            "resource_group_name": "migrationgroup",
            "subscription_id": "6e659b1d-6646-44fc-91ad-d697826558a0"
          },
          "private": "eyJlMmJmYjczMC1lY2FhLTExZTYtOGY4OC0zNDM2M2JjN2M0YzAiOnsiY3JlYXRlIjoxODAwMDAwMDAwMDAwLCJkZWxldGUiOjE4MDAwMDAwMDAwMDAsInJlYWQiOjMwMDAwMDAwMDAwMCwidXBkYXRlIjoxODAwMDAwMDAwMDAwfX0=",
          "dependencies": [
            "azurerm_public_ip.public_ip",
            "azurerm_resource_group.rg",
            "azurerm_subnet.subnet",
            "azurerm_virtual_network.vnet"
          ]
        }
      ]
    },
    {
      "mode": "managed",
      "type": "azurerm_public_ip",
      "name": "public_ip",
      "provider": "provider[\"registry.terraform.io/hashicorp/azurerm\"]",
      "instances": [
        {
          "schema_version": 0,
          "attributes": {
            "allocation_method": "Static",
            "ddos_protection_mode": "VirtualNetworkInherited",
            "ddos_protection_plan_id": null,
            "domain_name_label": null,
            "domain_name_label_scope": null,
            "edge_zone": "",
            "fqdn": null,
            "id": "/subscriptions/6e659b1d-6646-44fc-91ad-d697826558a0/resourceGroups/migrationgroup/providers/Microsoft.Network/publicIPAddresses/example-public-ip",
            "idle_timeout_in_minutes": 4,
            "ip_address": "20.197.2.95",
            "ip_tags": {},
            "ip_version": "IPv4",
            "location": "centralindia",
            "name": "example-public-ip",
            "public_ip_prefix_id": null,
            "resource_group_name": "migrationgroup",
            "reverse_fqdn": null,
            "sku": "Standard",
            "sku_tier": "Regional",
            "tags": {},
            "timeouts": null,
            "zones": [
              "3"
            ]
          },
          "sensitive_attributes": [],
          "identity_schema_version": 0,
          "private": "eyJlMmJmYjczMC1lY2FhLTExZTYtOGY4OC0zNDM2M2JjN2M0YzAiOnsiY3JlYXRlIjoxODAwMDAwMDAwMDAwLCJkZWxldGUiOjE4MDAwMDAwMDAwMDAsInJlYWQiOjMwMDAwMDAwMDAwMCwidXBkYXRlIjoxODAwMDAwMDAwMDAwfX0=",
          "dependencies": [
            "azurerm_resource_group.rg"
          ]
        }
      ]
    },
    {
      "mode": "managed",
      "type": "azurerm_resource_group",
      "name": "rg",
      "provider": "provider[\"registry.terraform.io/hashicorp/azurerm\"]",
      "instances": [
        {
          "schema_version": 0,
          "attributes": {
            "id": "/subscriptions/6e659b1d-6646-44fc-91ad-d697826558a0/resourceGroups/migrationgroup",
            "location": "centralindia",
            "managed_by": "",
            "name": "migrationgroup",
            "tags": {},
            "timeouts": null
          },
          "sensitive_attributes": [],
          "identity_schema_version": 0,
          "private": "eyJlMmJmYjczMC1lY2FhLTExZTYtOGY4OC0zNDM2M2JjN2M0YzAiOnsiY3JlYXRlIjo1NDAwMDAwMDAwMDAwLCJkZWxldGUiOjU0MDAwMDAwMDAwMDAsInJlYWQiOjMwMDAwMDAwMDAwMCwidXBkYXRlIjo1NDAwMDAwMDAwMDAwfX0="
        }
      ]
    },
    {
      "mode": "managed",
      "type": "azurerm_role_assignment",
      "name": "identity_roles",
      "provider": "provider[\"registry.terraform.io/hashicorp/azurerm\"]",
      "instances": [
        {
          "index_key": "Contributor",
          "schema_version": 0,
          "attributes": {
            "condition": "",
            "condition_version": "",
            "delegated_managed_identity_resource_id": "",
            "description": "",
            "id": "/subscriptions/6e659b1d-6646-44fc-91ad-d697826558a0/providers/Microsoft.Authorization/roleAssignments/5606b872-7048-d7c2-c204-27b42e6336ea",
            "name": "5606b872-7048-d7c2-c204-27b42e6336ea",
            "principal_id": "e515a484-2ee4-4ae4-bbce-71c9d864e66a",
            "principal_type": "ServicePrincipal",
            "role_definition_id": "/subscriptions/6e659b1d-6646-44fc-91ad-d697826558a0/providers/Microsoft.Authorization/roleDefinitions/b24988ac-6180-42a0-ab88-20f7382dd24c",
            "role_definition_name": "Contributor",
            "scope": "/subscriptions/6e659b1d-6646-44fc-91ad-d697826558a0",
            "skip_service_principal_aad_check": null,
            "timeouts": null
          },
          "sensitive_attributes": [],
          "identity_schema_version": 0,
          "private": "eyJlMmJmYjczMC1lY2FhLTExZTYtOGY4OC0zNDM2M2JjN2M0YzAiOnsiY3JlYXRlIjoxODAwMDAwMDAwMDAwLCJkZWxldGUiOjE4MDAwMDAwMDAwMDAsInJlYWQiOjMwMDAwMDAwMDAwMH19",
          "dependencies": [
            "azurerm_resource_group.rg",
            "azurerm_user_assigned_identity.identity",
            "data.azurerm_subscription.primary"
          ]
        },
        {
          "index_key": "Reader",
          "schema_version": 0,
          "attributes": {
            "condition": "",
            "condition_version": "",
            "delegated_managed_identity_resource_id": "",
            "description": "",
            "id": "/subscriptions/6e659b1d-6646-44fc-91ad-d697826558a0/providers/Microsoft.Authorization/roleAssignments/08af305c-dba8-33ad-fbca-5649b46a2a23",
            "name": "08af305c-dba8-33ad-fbca-5649b46a2a23",
            "principal_id": "e515a484-2ee4-4ae4-bbce-71c9d864e66a",
            "principal_type": "ServicePrincipal",
            "role_definition_id": "/subscriptions/6e659b1d-6646-44fc-91ad-d697826558a0/providers/Microsoft.Authorization/roleDefinitions/acdd72a7-3385-48ef-bd42-f606fba81ae7",
            "role_definition_name": "Reader",
            "scope": "/subscriptions/6e659b1d-6646-44fc-91ad-d697826558a0",
            "skip_service_principal_aad_check": null,
            "timeouts": null
          },
          "sensitive_attributes": [],
          "identity_schema_version": 0,
          "private": "eyJlMmJmYjczMC1lY2FhLTExZTYtOGY4OC0zNDM2M2JjN2M0YzAiOnsiY3JlYXRlIjoxODAwMDAwMDAwMDAwLCJkZWxldGUiOjE4MDAwMDAwMDAwMDAsInJlYWQiOjMwMDAwMDAwMDAwMH19",
          "dependencies": [
            "azurerm_resource_group.rg",
            "azurerm_user_assigned_identity.identity",
            "data.azurerm_subscription.primary"
          ]
        }
      ]
    },
    {
      "mode": "managed",
      "type": "azurerm_subnet",
      "name": "subnet",
      "provider": "provider[\"registry.terraform.io/hashicorp/azurerm\"]",
      "instances": [
        {
          "schema_version": 0,
          "attributes": {
            "address_prefixes": [
              "10.0.1.0/24"
            ],
            "default_outbound_access_enabled": true,
            "delegation": [],
            "id": "/subscriptions/6e659b1d-6646-44fc-91ad-d697826558a0/resourceGroups/migrationgroup/providers/Microsoft.Network/virtualNetworks/example-vnet/subnets/example-subnet",
            "name": "example-subnet",
            "private_endpoint_network_policies": "Disabled",
            "private_link_service_network_policies_enabled": true,
            "resource_group_name": "migrationgroup",
            "service_endpoint_policy_ids": null,
            "service_endpoints": null,
            "timeouts": null,
            "virtual_network_name": "example-vnet"
          },
          "sensitive_attributes": [],
          "identity_schema_version": 0,
          "identity": {
            "name": "example-subnet",
            "resource_group_name": "migrationgroup",
            "subscription_id": "6e659b1d-6646-44fc-91ad-d697826558a0",
            "virtual_network_name": "example-vnet"
          },
          "private": "eyJlMmJmYjczMC1lY2FhLTExZTYtOGY4OC0zNDM2M2JjN2M0YzAiOnsiY3JlYXRlIjoxODAwMDAwMDAwMDAwLCJkZWxldGUiOjE4MDAwMDAwMDAwMDAsInJlYWQiOjMwMDAwMDAwMDAwMCwidXBkYXRlIjoxODAwMDAwMDAwMDAwfX0=",
          "dependencies": [
            "azurerm_virtual_network.vnet"
          ]
        }
      ]
    },
    {
      "mode": "managed",
      "type": "azurerm_user_assigned_identity",
      "name": "identity",
      "provider": "provider[\"registry.terraform.io/hashicorp/azurerm\"]",
      "instances": [
        {
          "index_key": 0,
          "schema_version": 1,
          "attributes": {
            "client_id": "2f19d804-6fb2-44d9-9ebe-012283b5bd05",
            "id": "/subscriptions/6e659b1d-6646-44fc-91ad-d697826558a0/resourceGroups/migrationgroup/providers/Microsoft.ManagedIdentity/userAssignedIdentities/azure-testvm-id",
            "location": "centralindia",
            "name": "azure-testvm-id",
            "principal_id": "e515a484-2ee4-4ae4-bbce-71c9d864e66a",
            "resource_group_name": "migrationgroup",
            "tags": {},
            "tenant_id": "cbc5489b-10d2-4bf9-beae-6e9913e76a61",
            "timeouts": null
          },
          "sensitive_attributes": [],
          "identity_schema_version": 0,
          "private": "eyJlMmJmYjczMC1lY2FhLTExZTYtOGY4OC0zNDM2M2JjN2M0YzAiOnsiY3JlYXRlIjoxODAwMDAwMDAwMDAwLCJkZWxldGUiOjE4MDAwMDAwMDAwMDAsInJlYWQiOjMwMDAwMDAwMDAwMCwidXBkYXRlIjoxODAwMDAwMDAwMDAwfSwic2NoZW1hX3ZlcnNpb24iOiIxIn0=",
          "dependencies": [
            "azurerm_resource_group.rg"
          ]
        }
      ]
    },
    {
      "mode": "managed",
      "type": "azurerm_virtual_network",
      "name": "vnet",
      "provider": "provider[\"registry.terraform.io/hashicorp/azurerm\"]",
      "instances": [
        {
          "schema_version": 0,
          "attributes": {
            "address_space": [
              "10.0.0.0/16"
            ],
            "bgp_community": "",
            "ddos_protection_plan": [],
            "dns_servers": [],
            "edge_zone": "",
            "encryption": [],
            "flow_timeout_in_minutes": 0,
            "guid": "ac9dc4d5-8ee5-456d-a11f-5addd8d24271",
            "id": "/subscriptions/6e659b1d-6646-44fc-91ad-d697826558a0/resourceGroups/migrationgroup/providers/Microsoft.Network/virtualNetworks/example-vnet",
            "ip_address_pool": [],
            "location": "centralindia",
            "name": "example-vnet",
            "private_endpoint_vnet_policies": "Disabled",
            "resource_group_name": "migrationgroup",
            "subnet": [],
            "tags": null,
            "timeouts": null
          },
          "sensitive_attributes": [],
          "identity_schema_version": 0,
          "identity": {
            "name": "example-vnet",
            "resource_group_name": "migrationgroup",
            "subscription_id": "6e659b1d-6646-44fc-91ad-d697826558a0"
          },
          "private": "eyJlMmJmYjczMC1lY2FhLTExZTYtOGY4OC0zNDM2M2JjN2M0YzAiOnsiY3JlYXRlIjoxODAwMDAwMDAwMDAwLCJkZWxldGUiOjE4MDAwMDAwMDAwMDAsInJlYWQiOjMwMDAwMDAwMDAwMCwidXBkYXRlIjoxODAwMDAwMDAwMDAwfX0="
        }
      ]
    },
    {
      "mode": "managed",
      "type": "random_integer",
      "name": "zone",
      "provider": "provider[\"registry.terraform.io/hashicorp/random\"]",
      "instances": [
        {
          "schema_version": 0,
          "attributes": {
            "id": "3",
            "keepers": null,
            "max": 3,
            "min": 1,
            "result": 3,
            "seed": null
          },
          "sensitive_attributes": [],
          "identity_schema_version": 0
        }
      ]
    }
  ],
  "check_results": null
}
